
Microsoft Visual Studio Solution File, Format Version 12.00
# Visual Studio Version 17
VisualStudioVersion = 17.14.36705.20
MinimumVisualStudioVersion = 10.0.40219.1
Project("{FAE04EC0-301F-11D3-BF4B-00C04F79EFBC}") = "Singleton", "Creationals\Singleton\Singleton.csproj", "{ED2B760E-4BC0-46FD-3257-4CEA0837392E}"
EndProject
Project("{2150E333-8FDC-42A3-9474-1A3956D46DE8}") = "Creationals", "Creationals", "{02EA681E-C7D8-13C7-8484-4AC65E1B71E8}"
EndProject
Project("{FAE04EC0-301F-11D3-BF4B-00C04F79EFBC}") = "FactoryMethod", "Creationals\FactoryMethod\FactoryMethod.csproj", "{DDAA89AA-F381-4743-9B13-81A8CEF909A4}"
EndProject
Project("{2150E333-8FDC-42A3-9474-1A3956D46DE8}") = "Practicing", "Practicing", "{0E81C3AE-0E8F-477F-8711-5CBD526576FE}"
EndProject
Project("{FAE04EC0-301F-11D3-BF4B-00C04F79EFBC}") = "SingletonPractice", "Practicing\SingletonPractice\SingletonPractice.csproj", "{E4C0159F-461F-4C1A-B3F0-EDECFE057B15}"
EndProject
Project("{FAE04EC0-301F-11D3-BF4B-00C04F79EFBC}") = "FactoryMethodPractice", "Practicing\FactoryMethodPractice\FactoryMethodPractice.csproj", "{83F1B47A-9049-49D2-AFC5-CCB239D6B460}"
EndProject
Project("{FAE04EC0-301F-11D3-BF4B-00C04F79EFBC}") = "AbstractFactory", "Creationals\AbstractFactory\AbstractFactory.csproj", "{BB50AB0B-452D-43EA-BA95-675D10DEF4FE}"
EndProject
Project("{2150E333-8FDC-42A3-9474-1A3956D46DE8}") = "Practicing2", "Practicing2", "{7A8A87DE-646A-4B6C-892C-5626F0ADD00D}"
EndProject
Project("{FAE04EC0-301F-11D3-BF4B-00C04F79EFBC}") = "Singleton", "Practicing2\Singleton\Singleton.csproj", "{56CEE9FB-4748-4F69-B531-97748B8CFE61}"
EndProject
Project("{FAE04EC0-301F-11D3-BF4B-00C04F79EFBC}") = "FactoryMethod", "Practicing2\FactoryMethod\FactoryMethod.csproj", "{5F7C235F-043A-47AA-A425-D5294D3405B7}"
EndProject
Project("{FAE04EC0-301F-11D3-BF4B-00C04F79EFBC}") = "AbstractFactory", "Practicing2\AbstractFactory\AbstractFactory.csproj", "{308FEF66-9004-425D-ADF4-5EBBCFEA45F8}"
EndProject
Project("{FAE04EC0-301F-11D3-BF4B-00C04F79EFBC}") = "Builder", "Creationals\Builder\Builder.csproj", "{00C39A9C-2000-4939-9C4D-8AFA9B2DF53F}"
EndProject
Project("{2150E333-8FDC-42A3-9474-1A3956D46DE8}") = "Practicing3", "Practicing3", "{0693D205-16EA-41DA-9EF0-3FD75C3D9304}"
EndProject
Project("{FAE04EC0-301F-11D3-BF4B-00C04F79EFBC}") = "Singleton", "Practicing3\Singleton\Singleton.csproj", "{27405B43-0250-42AC-9BC5-F07D923EC183}"
EndProject
Project("{FAE04EC0-301F-11D3-BF4B-00C04F79EFBC}") = "FactoryMethod", "Practicing3\FactoryMethod\FactoryMethod.csproj", "{6AAE7D15-2F5B-4FFB-B77F-A5A90FFEDB1A}"
EndProject
Project("{FAE04EC0-301F-11D3-BF4B-00C04F79EFBC}") = "AbstractFactory", "Practicing3\AbstractFactory\AbstractFactory.csproj", "{4BD89140-A115-4771-9167-7D81EEFB1834}"
EndProject
Project("{FAE04EC0-301F-11D3-BF4B-00C04F79EFBC}") = "Builder", "Practicing3\Builder\Builder.csproj", "{F1403512-13FE-43C2-9CDD-898BA9E0AB2F}"
EndProject
Global
	GlobalSection(SolutionConfigurationPlatforms) = preSolution
		Debug|Any CPU = Debug|Any CPU
		Release|Any CPU = Release|Any CPU
	EndGlobalSection
	GlobalSection(ProjectConfigurationPlatforms) = postSolution
		{ED2B760E-4BC0-46FD-3257-4CEA0837392E}.Debug|Any CPU.ActiveCfg = Debug|Any CPU
		{ED2B760E-4BC0-46FD-3257-4CEA0837392E}.Debug|Any CPU.Build.0 = Debug|Any CPU
		{ED2B760E-4BC0-46FD-3257-4CEA0837392E}.Release|Any CPU.ActiveCfg = Release|Any CPU
		{ED2B760E-4BC0-46FD-3257-4CEA0837392E}.Release|Any CPU.Build.0 = Release|Any CPU
		{DDAA89AA-F381-4743-9B13-81A8CEF909A4}.Debug|Any CPU.ActiveCfg = Debug|Any CPU
		{DDAA89AA-F381-4743-9B13-81A8CEF909A4}.Debug|Any CPU.Build.0 = Debug|Any CPU
		{DDAA89AA-F381-4743-9B13-81A8CEF909A4}.Release|Any CPU.ActiveCfg = Release|Any CPU
		{DDAA89AA-F381-4743-9B13-81A8CEF909A4}.Release|Any CPU.Build.0 = Release|Any CPU
		{E4C0159F-461F-4C1A-B3F0-EDECFE057B15}.Debug|Any CPU.ActiveCfg = Debug|Any CPU
		{E4C0159F-461F-4C1A-B3F0-EDECFE057B15}.Debug|Any CPU.Build.0 = Debug|Any CPU
		{E4C0159F-461F-4C1A-B3F0-EDECFE057B15}.Release|Any CPU.ActiveCfg = Release|Any CPU
		{E4C0159F-461F-4C1A-B3F0-EDECFE057B15}.Release|Any CPU.Build.0 = Release|Any CPU
		{83F1B47A-9049-49D2-AFC5-CCB239D6B460}.Debug|Any CPU.ActiveCfg = Debug|Any CPU
		{83F1B47A-9049-49D2-AFC5-CCB239D6B460}.Debug|Any CPU.Build.0 = Debug|Any CPU
		{83F1B47A-9049-49D2-AFC5-CCB239D6B460}.Release|Any CPU.ActiveCfg = Release|Any CPU
		{83F1B47A-9049-49D2-AFC5-CCB239D6B460}.Release|Any CPU.Build.0 = Release|Any CPU
		{BB50AB0B-452D-43EA-BA95-675D10DEF4FE}.Debug|Any CPU.ActiveCfg = Debug|Any CPU
		{BB50AB0B-452D-43EA-BA95-675D10DEF4FE}.Debug|Any CPU.Build.0 = Debug|Any CPU
		{BB50AB0B-452D-43EA-BA95-675D10DEF4FE}.Release|Any CPU.ActiveCfg = Release|Any CPU
		{BB50AB0B-452D-43EA-BA95-675D10DEF4FE}.Release|Any CPU.Build.0 = Release|Any CPU
		{56CEE9FB-4748-4F69-B531-97748B8CFE61}.Debug|Any CPU.ActiveCfg = Debug|Any CPU
		{56CEE9FB-4748-4F69-B531-97748B8CFE61}.Debug|Any CPU.Build.0 = Debug|Any CPU
		{56CEE9FB-4748-4F69-B531-97748B8CFE61}.Release|Any CPU.ActiveCfg = Release|Any CPU
		{56CEE9FB-4748-4F69-B531-97748B8CFE61}.Release|Any CPU.Build.0 = Release|Any CPU
		{5F7C235F-043A-47AA-A425-D5294D3405B7}.Debug|Any CPU.ActiveCfg = Debug|Any CPU
		{5F7C235F-043A-47AA-A425-D5294D3405B7}.Debug|Any CPU.Build.0 = Debug|Any CPU
		{5F7C235F-043A-47AA-A425-D5294D3405B7}.Release|Any CPU.ActiveCfg = Release|Any CPU
		{5F7C235F-043A-47AA-A425-D5294D3405B7}.Release|Any CPU.Build.0 = Release|Any CPU
		{308FEF66-9004-425D-ADF4-5EBBCFEA45F8}.Debug|Any CPU.ActiveCfg = Debug|Any CPU
		{308FEF66-9004-425D-ADF4-5EBBCFEA45F8}.Debug|Any CPU.Build.0 = Debug|Any CPU
		{308FEF66-9004-425D-ADF4-5EBBCFEA45F8}.Release|Any CPU.ActiveCfg = Release|Any CPU
		{308FEF66-9004-425D-ADF4-5EBBCFEA45F8}.Release|Any CPU.Build.0 = Release|Any CPU
		{00C39A9C-2000-4939-9C4D-8AFA9B2DF53F}.Debug|Any CPU.ActiveCfg = Debug|Any CPU
		{00C39A9C-2000-4939-9C4D-8AFA9B2DF53F}.Debug|Any CPU.Build.0 = Debug|Any CPU
		{00C39A9C-2000-4939-9C4D-8AFA9B2DF53F}.Release|Any CPU.ActiveCfg = Release|Any CPU
		{00C39A9C-2000-4939-9C4D-8AFA9B2DF53F}.Release|Any CPU.Build.0 = Release|Any CPU
		{27405B43-0250-42AC-9BC5-F07D923EC183}.Debug|Any CPU.ActiveCfg = Debug|Any CPU
		{27405B43-0250-42AC-9BC5-F07D923EC183}.Debug|Any CPU.Build.0 = Debug|Any CPU
		{27405B43-0250-42AC-9BC5-F07D923EC183}.Release|Any CPU.ActiveCfg = Release|Any CPU
		{27405B43-0250-42AC-9BC5-F07D923EC183}.Release|Any CPU.Build.0 = Release|Any CPU
		{6AAE7D15-2F5B-4FFB-B77F-A5A90FFEDB1A}.Debug|Any CPU.ActiveCfg = Debug|Any CPU
		{6AAE7D15-2F5B-4FFB-B77F-A5A90FFEDB1A}.Debug|Any CPU.Build.0 = Debug|Any CPU
		{6AAE7D15-2F5B-4FFB-B77F-A5A90FFEDB1A}.Release|Any CPU.ActiveCfg = Release|Any CPU
		{6AAE7D15-2F5B-4FFB-B77F-A5A90FFEDB1A}.Release|Any CPU.Build.0 = Release|Any CPU
		{4BD89140-A115-4771-9167-7D81EEFB1834}.Debug|Any CPU.ActiveCfg = Debug|Any CPU
		{4BD89140-A115-4771-9167-7D81EEFB1834}.Debug|Any CPU.Build.0 = Debug|Any CPU
		{4BD89140-A115-4771-9167-7D81EEFB1834}.Release|Any CPU.ActiveCfg = Release|Any CPU
		{4BD89140-A115-4771-9167-7D81EEFB1834}.Release|Any CPU.Build.0 = Release|Any CPU
		{F1403512-13FE-43C2-9CDD-898BA9E0AB2F}.Debug|Any CPU.ActiveCfg = Debug|Any CPU
		{F1403512-13FE-43C2-9CDD-898BA9E0AB2F}.Debug|Any CPU.Build.0 = Debug|Any CPU
		{F1403512-13FE-43C2-9CDD-898BA9E0AB2F}.Release|Any CPU.ActiveCfg = Release|Any CPU
		{F1403512-13FE-43C2-9CDD-898BA9E0AB2F}.Release|Any CPU.Build.0 = Release|Any CPU
	EndGlobalSection
	GlobalSection(SolutionProperties) = preSolution
		HideSolutionNode = FALSE
	EndGlobalSection
	GlobalSection(NestedProjects) = preSolution
		{ED2B760E-4BC0-46FD-3257-4CEA0837392E} = {02EA681E-C7D8-13C7-8484-4AC65E1B71E8}
		{DDAA89AA-F381-4743-9B13-81A8CEF909A4} = {02EA681E-C7D8-13C7-8484-4AC65E1B71E8}
		{E4C0159F-461F-4C1A-B3F0-EDECFE057B15} = {0E81C3AE-0E8F-477F-8711-5CBD526576FE}
		{83F1B47A-9049-49D2-AFC5-CCB239D6B460} = {0E81C3AE-0E8F-477F-8711-5CBD526576FE}
		{BB50AB0B-452D-43EA-BA95-675D10DEF4FE} = {02EA681E-C7D8-13C7-8484-4AC65E1B71E8}
		{56CEE9FB-4748-4F69-B531-97748B8CFE61} = {7A8A87DE-646A-4B6C-892C-5626F0ADD00D}
		{5F7C235F-043A-47AA-A425-D5294D3405B7} = {7A8A87DE-646A-4B6C-892C-5626F0ADD00D}
		{308FEF66-9004-425D-ADF4-5EBBCFEA45F8} = {7A8A87DE-646A-4B6C-892C-5626F0ADD00D}
		{00C39A9C-2000-4939-9C4D-8AFA9B2DF53F} = {02EA681E-C7D8-13C7-8484-4AC65E1B71E8}
		{27405B43-0250-42AC-9BC5-F07D923EC183} = {0693D205-16EA-41DA-9EF0-3FD75C3D9304}
		{6AAE7D15-2F5B-4FFB-B77F-A5A90FFEDB1A} = {0693D205-16EA-41DA-9EF0-3FD75C3D9304}
		{4BD89140-A115-4771-9167-7D81EEFB1834} = {0693D205-16EA-41DA-9EF0-3FD75C3D9304}
		{F1403512-13FE-43C2-9CDD-898BA9E0AB2F} = {0693D205-16EA-41DA-9EF0-3FD75C3D9304}
	EndGlobalSection
	GlobalSection(ExtensibilityGlobals) = postSolution
		SolutionGuid = {C475ED39-4D9C-4623-9E6D-70D10B8E3020}
	EndGlobalSection
EndGlobal
