
Microsoft Visual Studio Solution File, Format Version 12.00
# Visual Studio Version 17
VisualStudioVersion = 17.14.36705.20
MinimumVisualStudioVersion = 10.0.40219.1
Project("{FAE04EC0-301F-11D3-BF4B-00C04F79EFBC}") = "Singleton", "Creationals\Singleton\Singleton.csproj", "{ED2B760E-4BC0-46FD-3257-4CEA0837392E}"
EndProject
Project("{2150E333-8FDC-42A3-9474-1A3956D46DE8}") = "Creationals", "Creationals", "{02EA681E-C7D8-13C7-8484-4AC65E1B71E8}"
EndProject
Project("{FAE04EC0-301F-11D3-BF4B-00C04F79EFBC}") = "FactoryMethod", "Creationals\FactoryMethod\FactoryMethod.csproj", "{DDAA89AA-F381-4743-9B13-81A8CEF909A4}"
EndProject
Project("{2150E333-8FDC-42A3-9474-1A3956D46DE8}") = "Practicing", "Practicing", "{0E81C3AE-0E8F-477F-8711-5CBD526576FE}"
EndProject
Project("{FAE04EC0-301F-11D3-BF4B-00C04F79EFBC}") = "SingletonPractice", "Practicing\SingletonPractice\SingletonPractice.csproj", "{E4C0159F-461F-4C1A-B3F0-EDECFE057B15}"
EndProject
Global
	GlobalSection(SolutionConfigurationPlatforms) = preSolution
		Debug|Any CPU = Debug|Any CPU
		Release|Any CPU = Release|Any CPU
	EndGlobalSection
	GlobalSection(ProjectConfigurationPlatforms) = postSolution
		{ED2B760E-4BC0-46FD-3257-4CEA0837392E}.Debug|Any CPU.ActiveCfg = Debug|Any CPU
		{ED2B760E-4BC0-46FD-3257-4CEA0837392E}.Debug|Any CPU.Build.0 = Debug|Any CPU
		{ED2B760E-4BC0-46FD-3257-4CEA0837392E}.Release|Any CPU.ActiveCfg = Release|Any CPU
		{ED2B760E-4BC0-46FD-3257-4CEA0837392E}.Release|Any CPU.Build.0 = Release|Any CPU
		{DDAA89AA-F381-4743-9B13-81A8CEF909A4}.Debug|Any CPU.ActiveCfg = Debug|Any CPU
		{DDAA89AA-F381-4743-9B13-81A8CEF909A4}.Debug|Any CPU.Build.0 = Debug|Any CPU
		{DDAA89AA-F381-4743-9B13-81A8CEF909A4}.Release|Any CPU.ActiveCfg = Release|Any CPU
		{DDAA89AA-F381-4743-9B13-81A8CEF909A4}.Release|Any CPU.Build.0 = Release|Any CPU
		{E4C0159F-461F-4C1A-B3F0-EDECFE057B15}.Debug|Any CPU.ActiveCfg = Debug|Any CPU
		{E4C0159F-461F-4C1A-B3F0-EDECFE057B15}.Debug|Any CPU.Build.0 = Debug|Any CPU
		{E4C0159F-461F-4C1A-B3F0-EDECFE057B15}.Release|Any CPU.ActiveCfg = Release|Any CPU
		{E4C0159F-461F-4C1A-B3F0-EDECFE057B15}.Release|Any CPU.Build.0 = Release|Any CPU
	EndGlobalSection
	GlobalSection(SolutionProperties) = preSolution
		HideSolutionNode = FALSE
	EndGlobalSection
	GlobalSection(NestedProjects) = preSolution
		{ED2B760E-4BC0-46FD-3257-4CEA0837392E} = {02EA681E-C7D8-13C7-8484-4AC65E1B71E8}
		{DDAA89AA-F381-4743-9B13-81A8CEF909A4} = {02EA681E-C7D8-13C7-8484-4AC65E1B71E8}
		{E4C0159F-461F-4C1A-B3F0-EDECFE057B15} = {0E81C3AE-0E8F-477F-8711-5CBD526576FE}
	EndGlobalSection
	GlobalSection(ExtensibilityGlobals) = postSolution
		SolutionGuid = {C475ED39-4D9C-4623-9E6D-70D10B8E3020}
	EndGlobalSection
EndGlobal
